
Microsoft Visual Studio Solution File, Format Version 12.00
# Visual Studio Version 17
VisualStudioVersion = 17.12.35527.113
MinimumVisualStudioVersion = 10.0.40219.1
Project("{2150E333-8FDC-42A3-9474-1A3956D46DE8}") = "src", "src", "{520EAE08-42D2-46F6-A39C-07A0A7A184CB}"
EndProject
Project("{2150E333-8FDC-42A3-9474-1A3956D46DE8}") = "tests", "tests", "{1D3178FA-DD95-40FB-B2FC-23DAAE3A6898}"
EndProject
Project("{FAE04EC0-301F-11D3-BF4B-00C04F79EFBC}") = "Snappymob.FileHandler.Common", "src\Snappymob.FileHandler.Common\Snappymob.FileHandler.Common.csproj", "{0E4E2DD5-FE71-4909-990B-CE728D349E06}"
EndProject
Project("{FAE04EC0-301F-11D3-BF4B-00C04F79EFBC}") = "Snappymob.FileHandler.FileCreator", "src\Snappymob.FileHandler.FileCreator\Snappymob.FileHandler.FileCreator.csproj", "{B4065C68-C1C9-406E-84FA-ADB266787DB5}"
EndProject
Project("{FAE04EC0-301F-11D3-BF4B-00C04F79EFBC}") = "Snappymob.FileHandler.FileProcessor", "src\Snappymob.FileHandler.FileProcessor\Snappymob.FileHandler.FileProcessor.csproj", "{F8945E2B-3ECE-4E32-A7A5-58B2D903F309}"
EndProject
Project("{FAE04EC0-301F-11D3-BF4B-00C04F79EFBC}") = "SnappyMob.FileHandler.Common.Test", "tests\SnappyMob.FileHandler.Common.Test\SnappyMob.FileHandler.Common.Test.csproj", "{930B88A7-0ED7-4768-B289-042FC2D10439}"
EndProject
Project("{FAE04EC0-301F-11D3-BF4B-00C04F79EFBC}") = "Snappymob.FileHandler.FileCreator.Test", "tests\Snappymob.FileHandler.FileCreator.Test\Snappymob.FileHandler.FileCreator.Test.csproj", "{BB1DEA5A-638A-4511-862A-F45F3A5D6180}"
EndProject
Project("{FAE04EC0-301F-11D3-BF4B-00C04F79EFBC}") = "Snappymob.FileHandler.FileProcessor.Test", "tests\Snappymob.FileHandler.FileProcessor.Test\Snappymob.FileHandler.FileProcessor.Test.csproj", "{344F02AC-68C0-4139-B2EA-B0703EDD022A}"
EndProject
Global
	GlobalSection(SolutionConfigurationPlatforms) = preSolution
		Debug|Any CPU = Debug|Any CPU
		Release|Any CPU = Release|Any CPU
	EndGlobalSection
	GlobalSection(ProjectConfigurationPlatforms) = postSolution
		{0E4E2DD5-FE71-4909-990B-CE728D349E06}.Debug|Any CPU.ActiveCfg = Debug|Any CPU
		{0E4E2DD5-FE71-4909-990B-CE728D349E06}.Debug|Any CPU.Build.0 = Debug|Any CPU
		{0E4E2DD5-FE71-4909-990B-CE728D349E06}.Release|Any CPU.ActiveCfg = Release|Any CPU
		{0E4E2DD5-FE71-4909-990B-CE728D349E06}.Release|Any CPU.Build.0 = Release|Any CPU
		{B4065C68-C1C9-406E-84FA-ADB266787DB5}.Debug|Any CPU.ActiveCfg = Debug|Any CPU
		{B4065C68-C1C9-406E-84FA-ADB266787DB5}.Debug|Any CPU.Build.0 = Debug|Any CPU
		{B4065C68-C1C9-406E-84FA-ADB266787DB5}.Release|Any CPU.ActiveCfg = Release|Any CPU
		{B4065C68-C1C9-406E-84FA-ADB266787DB5}.Release|Any CPU.Build.0 = Release|Any CPU
		{F8945E2B-3ECE-4E32-A7A5-58B2D903F309}.Debug|Any CPU.ActiveCfg = Debug|Any CPU
		{F8945E2B-3ECE-4E32-A7A5-58B2D903F309}.Debug|Any CPU.Build.0 = Debug|Any CPU
		{F8945E2B-3ECE-4E32-A7A5-58B2D903F309}.Release|Any CPU.ActiveCfg = Release|Any CPU
		{F8945E2B-3ECE-4E32-A7A5-58B2D903F309}.Release|Any CPU.Build.0 = Release|Any CPU
		{930B88A7-0ED7-4768-B289-042FC2D10439}.Debug|Any CPU.ActiveCfg = Debug|Any CPU
		{930B88A7-0ED7-4768-B289-042FC2D10439}.Debug|Any CPU.Build.0 = Debug|Any CPU
		{930B88A7-0ED7-4768-B289-042FC2D10439}.Release|Any CPU.ActiveCfg = Release|Any CPU
		{930B88A7-0ED7-4768-B289-042FC2D10439}.Release|Any CPU.Build.0 = Release|Any CPU
		{BB1DEA5A-638A-4511-862A-F45F3A5D6180}.Debug|Any CPU.ActiveCfg = Debug|Any CPU
		{BB1DEA5A-638A-4511-862A-F45F3A5D6180}.Debug|Any CPU.Build.0 = Debug|Any CPU
		{BB1DEA5A-638A-4511-862A-F45F3A5D6180}.Release|Any CPU.ActiveCfg = Release|Any CPU
		{BB1DEA5A-638A-4511-862A-F45F3A5D6180}.Release|Any CPU.Build.0 = Release|Any CPU
		{344F02AC-68C0-4139-B2EA-B0703EDD022A}.Debug|Any CPU.ActiveCfg = Debug|Any CPU
		{344F02AC-68C0-4139-B2EA-B0703EDD022A}.Debug|Any CPU.Build.0 = Debug|Any CPU
		{344F02AC-68C0-4139-B2EA-B0703EDD022A}.Release|Any CPU.ActiveCfg = Release|Any CPU
		{344F02AC-68C0-4139-B2EA-B0703EDD022A}.Release|Any CPU.Build.0 = Release|Any CPU
	EndGlobalSection
	GlobalSection(SolutionProperties) = preSolution
		HideSolutionNode = FALSE
	EndGlobalSection
	GlobalSection(NestedProjects) = preSolution
		{0E4E2DD5-FE71-4909-990B-CE728D349E06} = {520EAE08-42D2-46F6-A39C-07A0A7A184CB}
		{B4065C68-C1C9-406E-84FA-ADB266787DB5} = {520EAE08-42D2-46F6-A39C-07A0A7A184CB}
		{F8945E2B-3ECE-4E32-A7A5-58B2D903F309} = {520EAE08-42D2-46F6-A39C-07A0A7A184CB}
		{930B88A7-0ED7-4768-B289-042FC2D10439} = {1D3178FA-DD95-40FB-B2FC-23DAAE3A6898}
		{BB1DEA5A-638A-4511-862A-F45F3A5D6180} = {1D3178FA-DD95-40FB-B2FC-23DAAE3A6898}
		{344F02AC-68C0-4139-B2EA-B0703EDD022A} = {1D3178FA-DD95-40FB-B2FC-23DAAE3A6898}
	EndGlobalSection
EndGlobal
